
Microsoft Visual Studio Solution File, Format Version 12.00
# Visual Studio Version 17
VisualStudioVersion = 17.7.34024.191
MinimumVisualStudioVersion = 10.0.40219.1
Project("{888888A0-9F3D-457C-B088-3A5042F75D52}") = "problem 2", "problem 2\problem 2.pyproj", "{7746F68B-054A-46C1-ABA6-5C4B5A8431B1}"
EndProject
Global
	GlobalSection(SolutionConfigurationPlatforms) = preSolution
		Debug|Any CPU = Debug|Any CPU
		Release|Any CPU = Release|Any CPU
	EndGlobalSection
	GlobalSection(ProjectConfigurationPlatforms) = postSolution
		{7746F68B-054A-46C1-ABA6-5C4B5A8431B1}.Debug|Any CPU.ActiveCfg = Debug|Any CPU
		{7746F68B-054A-46C1-ABA6-5C4B5A8431B1}.Release|Any CPU.ActiveCfg = Release|Any CPU
	EndGlobalSection
	GlobalSection(SolutionProperties) = preSolution
		HideSolutionNode = FALSE
	EndGlobalSection
	GlobalSection(ExtensibilityGlobals) = postSolution
		SolutionGuid = {49AA2077-4DFD-4972-B697-3B29765839ED}
	EndGlobalSection
EndGlobal
